{
  "name": "y",
  "version": "1.0.0",
  "lockfileVersion": 1,
  "requires": true,
  "dependencies": {
    "vue-swiper-component": {
      "version": "1.0.11",
      "resolved": "http://registry.npm.taobao.org/vue-swiper-component/download/vue-swiper-component-1.0.11.tgz",
      "integrity": "sha1-ClMnEZYDKKA7nURQJrL0KiYJr5s="
    }
  }
}
